{
  "name": "scripts",
  "version": "1.0.0",
  "lockfileVersion": 2,
  "requires": true,
  "packages": {
    "": {
      "name": "scripts",
      "version": "1.0.0",
      "license": "MIT",
      "bin": {
        "pathlist": "pathlist.cmd",
        "rebase-master": "rebase-master.cmd"
      },
      "devDependencies": {}
    }
  }
}
